
Microsoft Visual Studio Solution File, Format Version 12.00
Project("{FAE04EC0-301F-11D3-BF4B-00C04F79EFBC}") = "IdentityAPI", "IdentityAPI.csproj", "{1B373134-24F3-41DA-A75A-B8BCB9F99E74}"
EndProject
Global
	GlobalSection(SolutionConfigurationPlatforms) = preSolution
		Debug|Any CPU = Debug|Any CPU
		Release|Any CPU = Release|Any CPU
	EndGlobalSection
	GlobalSection(ProjectConfigurationPlatforms) = postSolution
		{1B373134-24F3-41DA-A75A-B8BCB9F99E74}.Debug|Any CPU.ActiveCfg = Debug|Any CPU
		{1B373134-24F3-41DA-A75A-B8BCB9F99E74}.Debug|Any CPU.Build.0 = Debug|Any CPU
		{1B373134-24F3-41DA-A75A-B8BCB9F99E74}.Release|Any CPU.ActiveCfg = Release|Any CPU
		{1B373134-24F3-41DA-A75A-B8BCB9F99E74}.Release|Any CPU.Build.0 = Release|Any CPU
	EndGlobalSection
EndGlobal
